// !$*UTF8*$!
{
	archiveVersion = 1;
	classes = {
	};
	objectVersion = 56;
	objects = {

/* Begin PBXBuildFile section */
		D0BDEFDE29B925C900771C6B /* pizza_ordering_appApp.swift in Sources */ = {isa = PBXBuildFile; fileRef = D0BDEFDD29B925C900771C6B /* pizza_ordering_appApp.swift */; };
		D0BDEFE029B925C900771C6B /* ContentView.swift in Sources */ = {isa = PBXBuildFile; fileRef = D0BDEFDF29B925C900771C6B /* ContentView.swift */; };
		D0BDEFE229B925C900771C6B /* Assets.xcassets in Resources */ = {isa = PBXBuildFile; fileRef = D0BDEFE129B925C900771C6B /* Assets.xcassets */; };
		D0BDEFE529B925C900771C6B /* Preview Assets.xcassets in Resources */ = {isa = PBXBuildFile; fileRef = D0BDEFE429B925C900771C6B /* Preview Assets.xcassets */; };
		D0BDEFEF29B925C900771C6B /* pizza_ordering_appTests.swift in Sources */ = {isa = PBXBuildFile; fileRef = D0BDEFEE29B925C900771C6B /* pizza_ordering_appTests.swift */; };
		D0BDEFF929B925C900771C6B /* pizza_ordering_appUITests.swift in Sources */ = {isa = PBXBuildFile; fileRef = D0BDEFF829B925C900771C6B /* pizza_ordering_appUITests.swift */; };
		D0BDEFFB29B925C900771C6B /* pizza_ordering_appUITestsLaunchTests.swift in Sources */ = {isa = PBXBuildFile; fileRef = D0BDEFFA29B925C900771C6B /* pizza_ordering_appUITestsLaunchTests.swift */; };
/* End PBXBuildFile section */

/* Begin PBXContainerItemProxy section */
		D0BDEFEB29B925C900771C6B /* PBXContainerItemProxy */ = {
			isa = PBXContainerItemProxy;
			containerPortal = D0BDEFD229B925C900771C6B /* Project object */;
			proxyType = 1;
			remoteGlobalIDString = D0BDEFD929B925C900771C6B;
			remoteInfo = "pizza-ordering-app";
		};
		D0BDEFF529B925C900771C6B /* PBXContainerItemProxy */ = {
			isa = PBXContainerItemProxy;
			containerPortal = D0BDEFD229B925C900771C6B /* Project object */;
			proxyType = 1;
			remoteGlobalIDString = D0BDEFD929B925C900771C6B;
			remoteInfo = "pizza-ordering-app";
		};
/* End PBXContainerItemProxy section */

/* Begin PBXFileReference section */
		D0BDEFDA29B925C900771C6B /* pizza-ordering-app.app */ = {isa = PBXFileReference; explicitFileType = wrapper.application; includeInIndex = 0; path = "pizza-ordering-app.app"; sourceTree = BUILT_PRODUCTS_DIR; };
		D0BDEFDD29B925C900771C6B /* pizza_ordering_appApp.swift */ = {isa = PBXFileReference; lastKnownFileType = sourcecode.swift; path = pizza_ordering_appApp.swift; sourceTree = "<group>"; };
		D0BDEFDF29B925C900771C6B /* ContentView.swift */ = {isa = PBXFileReference; lastKnownFileType = sourcecode.swift; path = ContentView.swift; sourceTree = "<group>"; };
		D0BDEFE129B925C900771C6B /* Assets.xcassets */ = {isa = PBXFileReference; lastKnownFileType = folder.assetcatalog; path = Assets.xcassets; sourceTree = "<group>"; };
		D0BDEFE429B925C900771C6B /* Preview Assets.xcassets */ = {isa = PBXFileReference; lastKnownFileType = folder.assetcatalog; path = "Preview Assets.xcassets"; sourceTree = "<group>"; };
		D0BDEFEA29B925C900771C6B /* pizza-ordering-appTests.xctest */ = {isa = PBXFileReference; explicitFileType = wrapper.cfbundle; includeInIndex = 0; path = "pizza-ordering-appTests.xctest"; sourceTree = BUILT_PRODUCTS_DIR; };
		D0BDEFEE29B925C900771C6B /* pizza_ordering_appTests.swift */ = {isa = PBXFileReference; lastKnownFileType = sourcecode.swift; path = pizza_ordering_appTests.swift; sourceTree = "<group>"; };
		D0BDEFF429B925C900771C6B /* pizza-ordering-appUITests.xctest */ = {isa = PBXFileReference; explicitFileType = wrapper.cfbundle; includeInIndex = 0; path = "pizza-ordering-appUITests.xctest"; sourceTree = BUILT_PRODUCTS_DIR; };
		D0BDEFF829B925C900771C6B /* pizza_ordering_appUITests.swift */ = {isa = PBXFileReference; lastKnownFileType = sourcecode.swift; path = pizza_ordering_appUITests.swift; sourceTree = "<group>"; };
		D0BDEFFA29B925C900771C6B /* pizza_ordering_appUITestsLaunchTests.swift */ = {isa = PBXFileReference; lastKnownFileType = sourcecode.swift; path = pizza_ordering_appUITestsLaunchTests.swift; sourceTree = "<group>"; };
/* End PBXFileReference section */

/* Begin PBXFrameworksBuildPhase section */
		D0BDEFD729B925C900771C6B /* Frameworks */ = {
			isa = PBXFrameworksBuildPhase;
			buildActionMask = 2147483647;
			files = (
			);
			runOnlyForDeploymentPostprocessing = 0;
		};
		D0BDEFE729B925C900771C6B /* Frameworks */ = {
			isa = PBXFrameworksBuildPhase;
			buildActionMask = 2147483647;
			files = (
			);
			runOnlyForDeploymentPostprocessing = 0;
		};
		D0BDEFF129B925C900771C6B /* Frameworks */ = {
			isa = PBXFrameworksBuildPhase;
			buildActionMask = 2147483647;
			files = (
			);
			runOnlyForDeploymentPostprocessing = 0;
		};
/* End PBXFrameworksBuildPhase section */

/* Begin PBXGroup section */
		D0BDEFD129B925C900771C6B = {
			isa = PBXGroup;
			children = (
				D0BDEFDC29B925C900771C6B /* pizza-ordering-app */,
				D0BDEFED29B925C900771C6B /* pizza-ordering-appTests */,
				D0BDEFF729B925C900771C6B /* pizza-ordering-appUITests */,
				D0BDEFDB29B925C900771C6B /* Products */,
			);
			sourceTree = "<group>";
		};
		D0BDEFDB29B925C900771C6B /* Products */ = {
			isa = PBXGroup;
			children = (
				D0BDEFDA29B925C900771C6B /* pizza-ordering-app.app */,
				D0BDEFEA29B925C900771C6B /* pizza-ordering-appTests.xctest */,
				D0BDEFF429B925C900771C6B /* pizza-ordering-appUITests.xctest */,
			);
			name = Products;
			sourceTree = "<group>";
		};
		D0BDEFDC29B925C900771C6B /* pizza-ordering-app */ = {
			isa = PBXGroup;
			children = (
				D0BDEFDD29B925C900771C6B /* pizza_ordering_appApp.swift */,
				D0BDEFDF29B925C900771C6B /* ContentView.swift */,
				D0BDEFE129B925C900771C6B /* Assets.xcassets */,
				D0BDEFE329B925C900771C6B /* Preview Content */,
			);
			path = "pizza-ordering-app";
			sourceTree = "<group>";
		};
		D0BDEFE329B925C900771C6B /* Preview Content */ = {
			isa = PBXGroup;
			children = (
				D0BDEFE429B925C900771C6B /* Preview Assets.xcassets */,
			);
			path = "Preview Content";
			sourceTree = "<group>";
		};
		D0BDEFED29B925C900771C6B /* pizza-ordering-appTests */ = {
			isa = PBXGroup;
			children = (
				D0BDEFEE29B925C900771C6B /* pizza_ordering_appTests.swift */,
			);
			path = "pizza-ordering-appTests";
			sourceTree = "<group>";
		};
		D0BDEFF729B925C900771C6B /* pizza-ordering-appUITests */ = {
			isa = PBXGroup;
			children = (
				D0BDEFF829B925C900771C6B /* pizza_ordering_appUITests.swift */,
				D0BDEFFA29B925C900771C6B /* pizza_ordering_appUITestsLaunchTests.swift */,
			);
			path = "pizza-ordering-appUITests";
			sourceTree = "<group>";
		};
/* End PBXGroup section */

/* Begin PBXNativeTarget section */
		D0BDEFD929B925C900771C6B /* pizza-ordering-app */ = {
			isa = PBXNativeTarget;
			buildConfigurationList = D0BDEFFE29B925C900771C6B /* Build configuration list for PBXNativeTarget "pizza-ordering-app" */;
			buildPhases = (
				D0BDEFD629B925C900771C6B /* Sources */,
				D0BDEFD729B925C900771C6B /* Frameworks */,
				D0BDEFD829B925C900771C6B /* Resources */,
			);
			buildRules = (
			);
			dependencies = (
			);
			name = "pizza-ordering-app";
			productName = "pizza-ordering-app";
			productReference = D0BDEFDA29B925C900771C6B /* pizza-ordering-app.app */;
			productType = "com.apple.product-type.application";
		};
		D0BDEFE929B925C900771C6B /* pizza-ordering-appTests */ = {
			isa = PBXNativeTarget;
			buildConfigurationList = D0BDF00129B925C900771C6B /* Build configuration list for PBXNativeTarget "pizza-ordering-appTests" */;
			buildPhases = (
				D0BDEFE629B925C900771C6B /* Sources */,
				D0BDEFE729B925C900771C6B /* Frameworks */,
				D0BDEFE829B925C900771C6B /* Resources */,
			);
			buildRules = (
			);
			dependencies = (
				D0BDEFEC29B925C900771C6B /* PBXTargetDependency */,
			);
			name = "pizza-ordering-appTests";
			productName = "pizza-ordering-appTests";
			productReference = D0BDEFEA29B925C900771C6B /* pizza-ordering-appTests.xctest */;
			productType = "com.apple.product-type.bundle.unit-test";
		};
		D0BDEFF329B925C900771C6B /* pizza-ordering-appUITests */ = {
			isa = PBXNativeTarget;
			buildConfigurationList = D0BDF00429B925C900771C6B /* Build configuration list for PBXNativeTarget "pizza-ordering-appUITests" */;
			buildPhases = (
				D0BDEFF029B925C900771C6B /* Sources */,
				D0BDEFF129B925C900771C6B /* Frameworks */,
				D0BDEFF229B925C900771C6B /* Resources */,
			);
			buildRules = (
			);
			dependencies = (
				D0BDEFF629B925C900771C6B /* PBXTargetDependency */,
			);
			name = "pizza-ordering-appUITests";
			productName = "pizza-ordering-appUITests";
			productReference = D0BDEFF429B925C900771C6B /* pizza-ordering-appUITests.xctest */;
			productType = "com.apple.product-type.bundle.ui-testing";
		};
/* End PBXNativeTarget section */

/* Begin PBXProject section */
		D0BDEFD229B925C900771C6B /* Project object */ = {
			isa = PBXProject;
			attributes = {
				BuildIndependentTargetsInParallel = 1;
				LastSwiftUpdateCheck = 1420;
				LastUpgradeCheck = 1420;
				TargetAttributes = {
					D0BDEFD929B925C900771C6B = {
						CreatedOnToolsVersion = 14.2;
					};
					D0BDEFE929B925C900771C6B = {
						CreatedOnToolsVersion = 14.2;
						TestTargetID = D0BDEFD929B925C900771C6B;
					};
					D0BDEFF329B925C900771C6B = {
						CreatedOnToolsVersion = 14.2;
						TestTargetID = D0BDEFD929B925C900771C6B;
					};
				};
			};
			buildConfigurationList = D0BDEFD529B925C900771C6B /* Build configuration list for PBXProject "pizza-ordering-app" */;
			compatibilityVersion = "Xcode 14.0";
			developmentRegion = en;
			hasScannedForEncodings = 0;
			knownRegions = (
				en,
				Base,
			);
			mainGroup = D0BDEFD129B925C900771C6B;
			productRefGroup = D0BDEFDB29B925C900771C6B /* Products */;
			projectDirPath = "";
			projectRoot = "";
			targets = (
				D0BDEFD929B925C900771C6B /* pizza-ordering-app */,
				D0BDEFE929B925C900771C6B /* pizza-ordering-appTests */,
				D0BDEFF329B925C900771C6B /* pizza-ordering-appUITests */,
			);
		};
/* End PBXProject section */

/* Begin PBXResourcesBuildPhase section */
		D0BDEFD829B925C900771C6B /* Resources */ = {
			isa = PBXResourcesBuildPhase;
			buildActionMask = 2147483647;
			files = (
				D0BDEFE529B925C900771C6B /* Preview Assets.xcassets in Resources */,
				D0BDEFE229B925C900771C6B /* Assets.xcassets in Resources */,
			);
			runOnlyForDeploymentPostprocessing = 0;
		};
		D0BDEFE829B925C900771C6B /* Resources */ = {
			isa = PBXResourcesBuildPhase;
			buildActionMask = 2147483647;
			files = (
			);
			runOnlyForDeploymentPostprocessing = 0;
		};
		D0BDEFF229B925C900771C6B /* Resources */ = {
			isa = PBXResourcesBuildPhase;
			buildActionMask = 2147483647;
			files = (
			);
			runOnlyForDeploymentPostprocessing = 0;
		};
/* End PBXResourcesBuildPhase section */

/* Begin PBXSourcesBuildPhase section */
		D0BDEFD629B925C900771C6B /* Sources */ = {
			isa = PBXSourcesBuildPhase;
			buildActionMask = 2147483647;
			files = (
				D0BDEFE029B925C900771C6B /* ContentView.swift in Sources */,
				D0BDEFDE29B925C900771C6B /* pizza_ordering_appApp.swift in Sources */,
			);
			runOnlyForDeploymentPostprocessing = 0;
		};
		D0BDEFE629B925C900771C6B /* Sources */ = {
			isa = PBXSourcesBuildPhase;
			buildActionMask = 2147483647;
			files = (
				D0BDEFEF29B925C900771C6B /* pizza_ordering_appTests.swift in Sources */,
			);
			runOnlyForDeploymentPostprocessing = 0;
		};
		D0BDEFF029B925C900771C6B /* Sources */ = {
			isa = PBXSourcesBuildPhase;
			buildActionMask = 2147483647;
			files = (
				D0BDEFF929B925C900771C6B /* pizza_ordering_appUITests.swift in Sources */,
				D0BDEFFB29B925C900771C6B /* pizza_ordering_appUITestsLaunchTests.swift in Sources */,
			);
			runOnlyForDeploymentPostprocessing = 0;
		};
/* End PBXSourcesBuildPhase section */

/* Begin PBXTargetDependency section */
		D0BDEFEC29B925C900771C6B /* PBXTargetDependency */ = {
			isa = PBXTargetDependency;
			target = D0BDEFD929B925C900771C6B /* pizza-ordering-app */;
			targetProxy = D0BDEFEB29B925C900771C6B /* PBXContainerItemProxy */;
		};
		D0BDEFF629B925C900771C6B /* PBXTargetDependency */ = {
			isa = PBXTargetDependency;
			target = D0BDEFD929B925C900771C6B /* pizza-ordering-app */;
			targetProxy = D0BDEFF529B925C900771C6B /* PBXContainerItemProxy */;
		};
/* End PBXTargetDependency section */

/* Begin XCBuildConfiguration section */
		D0BDEFFC29B925C900771C6B /* Debug */ = {
			isa = XCBuildConfiguration;
			buildSettings = {
				ALWAYS_SEARCH_USER_PATHS = NO;
				CLANG_ANALYZER_NONNULL = YES;
				CLANG_ANALYZER_NUMBER_OBJECT_CONVERSION = YES_AGGRESSIVE;
				CLANG_CXX_LANGUAGE_STANDARD = "gnu++20";
				CLANG_ENABLE_MODULES = YES;
				CLANG_ENABLE_OBJC_ARC = YES;
				CLANG_ENABLE_OBJC_WEAK = YES;
				CLANG_WARN_BLOCK_CAPTURE_AUTORELEASING = YES;
				CLANG_WARN_BOOL_CONVERSION = YES;
				CLANG_WARN_COMMA = YES;
				CLANG_WARN_CONSTANT_CONVERSION = YES;
				CLANG_WARN_DEPRECATED_OBJC_IMPLEMENTATIONS = YES;
				CLANG_WARN_DIRECT_OBJC_ISA_USAGE = YES_ERROR;
				CLANG_WARN_DOCUMENTATION_COMMENTS = YES;
				CLANG_WARN_EMPTY_BODY = YES;
				CLANG_WARN_ENUM_CONVERSION = YES;
				CLANG_WARN_INFINITE_RECURSION = YES;
				CLANG_WARN_INT_CONVERSION = YES;
				CLANG_WARN_NON_LITERAL_NULL_CONVERSION = YES;
				CLANG_WARN_OBJC_IMPLICIT_RETAIN_SELF = YES;
				CLANG_WARN_OBJC_LITERAL_CONVERSION = YES;
				CLANG_WARN_OBJC_ROOT_CLASS = YES_ERROR;
				CLANG_WARN_QUOTED_INCLUDE_IN_FRAMEWORK_HEADER = YES;
				CLANG_WARN_RANGE_LOOP_ANALYSIS = YES;
				CLANG_WARN_STRICT_PROTOTYPES = YES;
				CLANG_WARN_SUSPICIOUS_MOVE = YES;
				CLANG_WARN_UNGUARDED_AVAILABILITY = YES_AGGRESSIVE;
				CLANG_WARN_UNREACHABLE_CODE = YES;
				CLANG_WARN__DUPLICATE_METHOD_MATCH = YES;
				COPY_PHASE_STRIP = NO;
				DEBUG_INFORMATION_FORMAT = dwarf;
				ENABLE_STRICT_OBJC_MSGSEND = YES;
				ENABLE_TESTABILITY = YES;
				GCC_C_LANGUAGE_STANDARD = gnu11;
				GCC_DYNAMIC_NO_PIC = NO;
				GCC_NO_COMMON_BLOCKS = YES;
				GCC_OPTIMIZATION_LEVEL = 0;
				GCC_PREPROCESSOR_DEFINITIONS = (
					"DEBUG=1",
					"$(inherited)",
				);
				GCC_WARN_64_TO_32_BIT_CONVERSION = YES;
				GCC_WARN_ABOUT_RETURN_TYPE = YES_ERROR;
				GCC_WARN_UNDECLARED_SELECTOR = YES;
				GCC_WARN_UNINITIALIZED_AUTOS = YES_AGGRESSIVE;
				GCC_WARN_UNUSED_FUNCTION = YES;
				GCC_WARN_UNUSED_VARIABLE = YES;
				IPHONEOS_DEPLOYMENT_TARGET = 16.2;
				MTL_ENABLE_DEBUG_INFO = INCLUDE_SOURCE;
				MTL_FAST_MATH = YES;
				ONLY_ACTIVE_ARCH = YES;
				SDKROOT = iphoneos;
				SWIFT_ACTIVE_COMPILATION_CONDITIONS = DEBUG;
				SWIFT_OPTIMIZATION_LEVEL = "-Onone";
			};
			name = Debug;
		};
		D0BDEFFD29B925C900771C6B /* Release */ = {
			isa = XCBuildConfiguration;
			buildSettings = {
				ALWAYS_SEARCH_USER_PATHS = NO;
				CLANG_ANALYZER_NONNULL = YES;
				CLANG_ANALYZER_NUMBER_OBJECT_CONVERSION = YES_AGGRESSIVE;
				CLANG_CXX_LANGUAGE_STANDARD = "gnu++20";
				CLANG_ENABLE_MODULES = YES;
				CLANG_ENABLE_OBJC_ARC = YES;
				CLANG_ENABLE_OBJC_WEAK = YES;
				CLANG_WARN_BLOCK_CAPTURE_AUTORELEASING = YES;
				CLANG_WARN_BOOL_CONVERSION = YES;
				CLANG_WARN_COMMA = YES;
				CLANG_WARN_CONSTANT_CONVERSION = YES;
				CLANG_WARN_DEPRECATED_OBJC_IMPLEMENTATIONS = YES;
				CLANG_WARN_DIRECT_OBJC_ISA_USAGE = YES_ERROR;
				CLANG_WARN_DOCUMENTATION_COMMENTS = YES;
				CLANG_WARN_EMPTY_BODY = YES;
				CLANG_WARN_ENUM_CONVERSION = YES;
				CLANG_WARN_INFINITE_RECURSION = YES;
				CLANG_WARN_INT_CONVERSION = YES;
				CLANG_WARN_NON_LITERAL_NULL_CONVERSION = YES;
				CLANG_WARN_OBJC_IMPLICIT_RETAIN_SELF = YES;
				CLANG_WARN_OBJC_LITERAL_CONVERSION = YES;
				CLANG_WARN_OBJC_ROOT_CLASS = YES_ERROR;
				CLANG_WARN_QUOTED_INCLUDE_IN_FRAMEWORK_HEADER = YES;
				CLANG_WARN_RANGE_LOOP_ANALYSIS = YES;
				CLANG_WARN_STRICT_PROTOTYPES = YES;
				CLANG_WARN_SUSPICIOUS_MOVE = YES;
				CLANG_WARN_UNGUARDED_AVAILABILITY = YES_AGGRESSIVE;
				CLANG_WARN_UNREACHABLE_CODE = YES;
				CLANG_WARN__DUPLICATE_METHOD_MATCH = YES;
				COPY_PHASE_STRIP = NO;
				DEBUG_INFORMATION_FORMAT = "dwarf-with-dsym";
				ENABLE_NS_ASSERTIONS = NO;
				ENABLE_STRICT_OBJC_MSGSEND = YES;
				GCC_C_LANGUAGE_STANDARD = gnu11;
				GCC_NO_COMMON_BLOCKS = YES;
				GCC_WARN_64_TO_32_BIT_CONVERSION = YES;
				GCC_WARN_ABOUT_RETURN_TYPE = YES_ERROR;
				GCC_WARN_UNDECLARED_SELECTOR = YES;
				GCC_WARN_UNINITIALIZED_AUTOS = YES_AGGRESSIVE;
				GCC_WARN_UNUSED_FUNCTION = YES;
				GCC_WARN_UNUSED_VARIABLE = YES;
				IPHONEOS_DEPLOYMENT_TARGET = 16.2;
				MTL_ENABLE_DEBUG_INFO = NO;
				MTL_FAST_MATH = YES;
				SDKROOT = iphoneos;
				SWIFT_COMPILATION_MODE = wholemodule;
				SWIFT_OPTIMIZATION_LEVEL = "-O";
				VALIDATE_PRODUCT = YES;
			};
			name = Release;
		};
		D0BDEFFF29B925C900771C6B /* Debug */ = {
			isa = XCBuildConfiguration;
			buildSettings = {
				ASSETCATALOG_COMPILER_APPICON_NAME = AppIcon;
				ASSETCATALOG_COMPILER_GLOBAL_ACCENT_COLOR_NAME = AccentColor;
				CODE_SIGN_STYLE = Automatic;
				CURRENT_PROJECT_VERSION = 1;
				DEVELOPMENT_ASSET_PATHS = "\"pizza-ordering-app/Preview Content\"";
				ENABLE_PREVIEWS = YES;
				GENERATE_INFOPLIST_FILE = YES;
				INFOPLIST_KEY_UIApplicationSceneManifest_Generation = YES;
				INFOPLIST_KEY_UIApplicationSupportsIndirectInputEvents = YES;
				INFOPLIST_KEY_UILaunchScreen_Generation = YES;
				INFOPLIST_KEY_UISupportedInterfaceOrientations_iPad = "UIInterfaceOrientationPortrait UIInterfaceOrientationPortraitUpsideDown UIInterfaceOrientationLandscapeLeft UIInterfaceOrientationLandscapeRight";
				INFOPLIST_KEY_UISupportedInterfaceOrientations_iPhone = "UIInterfaceOrientationPortrait UIInterfaceOrientationLandscapeLeft UIInterfaceOrientationLandscapeRight";
				LD_RUNPATH_SEARCH_PATHS = (
					"$(inherited)",
					"@executable_path/Frameworks",
				);
				MARKETING_VERSION = 1.0;
				PRODUCT_BUNDLE_IDENTIFIER = "com.bigbee.pizza-ordering-app";
				PRODUCT_NAME = "$(TARGET_NAME)";
				SWIFT_EMIT_LOC_STRINGS = YES;
				SWIFT_VERSION = 5.0;
				TARGETED_DEVICE_FAMILY = "1,2";
			};
			name = Debug;
		};
		D0BDF00029B925C900771C6B /* Release */ = {
			isa = XCBuildConfiguration;
			buildSettings = {
				ASSETCATALOG_COMPILER_APPICON_NAME = AppIcon;
				ASSETCATALOG_COMPILER_GLOBAL_ACCENT_COLOR_NAME = AccentColor;
				CODE_SIGN_STYLE = Automatic;
				CURRENT_PROJECT_VERSION = 1;
				DEVELOPMENT_ASSET_PATHS = "\"pizza-ordering-app/Preview Content\"";
				ENABLE_PREVIEWS = YES;
				GENERATE_INFOPLIST_FILE = YES;
				INFOPLIST_KEY_UIApplicationSceneManifest_Generation = YES;
				INFOPLIST_KEY_UIApplicationSupportsIndirectInputEvents = YES;
				INFOPLIST_KEY_UILaunchScreen_Generation = YES;
				INFOPLIST_KEY_UISupportedInterfaceOrientations_iPad = "UIInterfaceOrientationPortrait UIInterfaceOrientationPortraitUpsideDown UIInterfaceOrientationLandscapeLeft UIInterfaceOrientationLandscapeRight";
				INFOPLIST_KEY_UISupportedInterfaceOrientations_iPhone = "UIInterfaceOrientationPortrait UIInterfaceOrientationLandscapeLeft UIInterfaceOrientationLandscapeRight";
				LD_RUNPATH_SEARCH_PATHS = (
					"$(inherited)",
					"@executable_path/Frameworks",
				);
				MARKETING_VERSION = 1.0;
				PRODUCT_BUNDLE_IDENTIFIER = "com.bigbee.pizza-ordering-app";
				PRODUCT_NAME = "$(TARGET_NAME)";
				SWIFT_EMIT_LOC_STRINGS = YES;
				SWIFT_VERSION = 5.0;
				TARGETED_DEVICE_FAMILY = "1,2";
			};
			name = Release;
		};
		D0BDF00229B925C900771C6B /* Debug */ = {
			isa = XCBuildConfiguration;
			buildSettings = {
				ALWAYS_EMBED_SWIFT_STANDARD_LIBRARIES = YES;
				BUNDLE_LOADER = "$(TEST_HOST)";
				CODE_SIGN_STYLE = Automatic;
				CURRENT_PROJECT_VERSION = 1;
				GENERATE_INFOPLIST_FILE = YES;
				IPHONEOS_DEPLOYMENT_TARGET = 16.2;
				MARKETING_VERSION = 1.0;
				PRODUCT_BUNDLE_IDENTIFIER = "com.bigbee.pizza-ordering-appTests";
				PRODUCT_NAME = "$(TARGET_NAME)";
				SWIFT_EMIT_LOC_STRINGS = NO;
				SWIFT_VERSION = 5.0;
				TARGETED_DEVICE_FAMILY = "1,2";
				TEST_HOST = "$(BUILT_PRODUCTS_DIR)/pizza-ordering-app.app/$(BUNDLE_EXECUTABLE_FOLDER_PATH)/pizza-ordering-app";
			};
			name = Debug;
		};
		D0BDF00329B925C900771C6B /* Release */ = {
			isa = XCBuildConfiguration;
			buildSettings = {
				ALWAYS_EMBED_SWIFT_STANDARD_LIBRARIES = YES;
				BUNDLE_LOADER = "$(TEST_HOST)";
				CODE_SIGN_STYLE = Automatic;
				CURRENT_PROJECT_VERSION = 1;
				GENERATE_INFOPLIST_FILE = YES;
				IPHONEOS_DEPLOYMENT_TARGET = 16.2;
				MARKETING_VERSION = 1.0;
				PRODUCT_BUNDLE_IDENTIFIER = "com.bigbee.pizza-ordering-appTests";
				PRODUCT_NAME = "$(TARGET_NAME)";
				SWIFT_EMIT_LOC_STRINGS = NO;
				SWIFT_VERSION = 5.0;
				TARGETED_DEVICE_FAMILY = "1,2";
				TEST_HOST = "$(BUILT_PRODUCTS_DIR)/pizza-ordering-app.app/$(BUNDLE_EXECUTABLE_FOLDER_PATH)/pizza-ordering-app";
			};
			name = Release;
		};
		D0BDF00529B925C900771C6B /* Debug */ = {
			isa = XCBuildConfiguration;
			buildSettings = {
				ALWAYS_EMBED_SWIFT_STANDARD_LIBRARIES = YES;
				CODE_SIGN_STYLE = Automatic;
				CURRENT_PROJECT_VERSION = 1;
				GENERATE_INFOPLIST_FILE = YES;
				MARKETING_VERSION = 1.0;
				PRODUCT_BUNDLE_IDENTIFIER = "com.bigbee.pizza-ordering-appUITests";
				PRODUCT_NAME = "$(TARGET_NAME)";
				SWIFT_EMIT_LOC_STRINGS = NO;
				SWIFT_VERSION = 5.0;
				TARGETED_DEVICE_FAMILY = "1,2";
				TEST_TARGET_NAME = "pizza-ordering-app";
			};
			name = Debug;
		};
		D0BDF00629B925C900771C6B /* Release */ = {
			isa = XCBuildConfiguration;
			buildSettings = {
				ALWAYS_EMBED_SWIFT_STANDARD_LIBRARIES = YES;
				CODE_SIGN_STYLE = Automatic;
				CURRENT_PROJECT_VERSION = 1;
				GENERATE_INFOPLIST_FILE = YES;
				MARKETING_VERSION = 1.0;
				PRODUCT_BUNDLE_IDENTIFIER = "com.bigbee.pizza-ordering-appUITests";
				PRODUCT_NAME = "$(TARGET_NAME)";
				SWIFT_EMIT_LOC_STRINGS = NO;
				SWIFT_VERSION = 5.0;
				TARGETED_DEVICE_FAMILY = "1,2";
				TEST_TARGET_NAME = "pizza-ordering-app";
			};
			name = Release;
		};
/* End XCBuildConfiguration section */

/* Begin XCConfigurationList section */
		D0BDEFD529B925C900771C6B /* Build configuration list for PBXProject "pizza-ordering-app" */ = {
			isa = XCConfigurationList;
			buildConfigurations = (
				D0BDEFFC29B925C900771C6B /* Debug */,
				D0BDEFFD29B925C900771C6B /* Release */,
			);
			defaultConfigurationIsVisible = 0;
			defaultConfigurationName = Release;
		};
		D0BDEFFE29B925C900771C6B /* Build configuration list for PBXNativeTarget "pizza-ordering-app" */ = {
			isa = XCConfigurationList;
			buildConfigurations = (
				D0BDEFFF29B925C900771C6B /* Debug */,
				D0BDF00029B925C900771C6B /* Release */,
			);
			defaultConfigurationIsVisible = 0;
			defaultConfigurationName = Release;
		};
		D0BDF00129B925C900771C6B /* Build configuration list for PBXNativeTarget "pizza-ordering-appTests" */ = {
			isa = XCConfigurationList;
			buildConfigurations = (
				D0BDF00229B925C900771C6B /* Debug */,
				D0BDF00329B925C900771C6B /* Release */,
			);
			defaultConfigurationIsVisible = 0;
			defaultConfigurationName = Release;
		};
		D0BDF00429B925C900771C6B /* Build configuration list for PBXNativeTarget "pizza-ordering-appUITests" */ = {
			isa = XCConfigurationList;
			buildConfigurations = (
				D0BDF00529B925C900771C6B /* Debug */,
				D0BDF00629B925C900771C6B /* Release */,
			);
			defaultConfigurationIsVisible = 0;
			defaultConfigurationName = Release;
		};
/* End XCConfigurationList section */
	};
	rootObject = D0BDEFD229B925C900771C6B /* Project object */;
}
